PODS:
  - Flutter (1.0.0)
  - permission_handler (3.1.0):
    - Flutter
  - shared_preferences (0.0.1):
    - Flutter
  - speech_recognition (0.3.0):
    - Flutter

DEPENDENCIES:
  - Flutter (from `.symlinks/flutter/ios`)
  - permission_handler (from `.symlinks/plugins/permission_handler/ios`)
  - shared_preferences (from `.symlinks/plugins/shared_preferences/ios`)
  - speech_recognition (from `.symlinks/plugins/speech_recognition/ios`)

EXTERNAL SOURCES:
  Flutter:
    :path: ".symlinks/flutter/ios"
  permission_handler:
    :path: ".symlinks/plugins/permission_handler/ios"
  shared_preferences:
    :path: ".symlinks/plugins/shared_preferences/ios"
  speech_recognition:
    :path: ".symlinks/plugins/speech_recognition/ios"

SPEC CHECKSUMS:
  Flutter: 9d0fac939486c9aba2809b7982dfdbb47a7b0296
  permission_handler: a1b8c0f8c83b4e7201f9c04b9aef09979cc97f60
  shared_preferences: 5a1d487c427ee18fcd3ea1f2a131569481834b53
  speech_recognition: acf2b916cd7aff5d4b76a238740afe2aff85e6bc

PODFILE CHECKSUM: 92ef3c75c8d01e7bec639a983064efed9123f853

COCOAPODS: 1.5.3
